
Microsoft Visual Studio Solution File, Format Version 12.00
# Visual Studio Version 16
VisualStudioVersion = 16.0.30011.22
MinimumVisualStudioVersion = 10.0.40219.1
Project("{9A19103F-16F7-4668-BE54-9A1E7A4F7556}") = "ListViewRef", "ListViewRef\ListViewRef.csproj", "{A6B3FBF0-1A61-4F4D-9489-20AF9123CD97}"
EndProject
Project("{9A19103F-16F7-4668-BE54-9A1E7A4F7556}") = "SimpleUserControl", "SimpleUserControl\SimpleUserControl.csproj", "{4E7FD742-EDC2-41EC-BD66-B8CD13ECCA87}"
EndProject
Project("{9A19103F-16F7-4668-BE54-9A1E7A4F7556}") = "OutputFromUserControl", "OutputFromUserControl\OutputFromUserControl.csproj", "{10969FBA-64D3-40CA-895C-8F909794276E}"
EndProject
Project("{FAE04EC0-301F-11D3-BF4B-00C04F79EFBC}") = "AsyncAwait", "AsyncAwait\AsyncAwait.csproj", "{712703E9-7558-4385-B5B0-44206982649D}"
EndProject
Project("{9A19103F-16F7-4668-BE54-9A1E7A4F7556}") = "AsyncFeedWithSpinner", "AsyncFeedWithSpinner\AsyncFeedWithSpinner.csproj", "{3E45A6F4-D3FC-4DBF-A3BE-7A32AF7EC1AA}"
EndProject
Project("{9A19103F-16F7-4668-BE54-9A1E7A4F7556}") = "AsynIndication", "AsynIndicationStartStop\AsynIndication.csproj", "{60E786C0-C513-4DB9-9D0A-7E70952C8F87}"
EndProject
Global
	GlobalSection(SolutionConfigurationPlatforms) = preSolution
		Debug|Any CPU = Debug|Any CPU
		Release|Any CPU = Release|Any CPU
	EndGlobalSection
	GlobalSection(ProjectConfigurationPlatforms) = postSolution
		{A6B3FBF0-1A61-4F4D-9489-20AF9123CD97}.Debug|Any CPU.ActiveCfg = Debug|Any CPU
		{A6B3FBF0-1A61-4F4D-9489-20AF9123CD97}.Debug|Any CPU.Build.0 = Debug|Any CPU
		{A6B3FBF0-1A61-4F4D-9489-20AF9123CD97}.Release|Any CPU.ActiveCfg = Release|Any CPU
		{A6B3FBF0-1A61-4F4D-9489-20AF9123CD97}.Release|Any CPU.Build.0 = Release|Any CPU
		{4E7FD742-EDC2-41EC-BD66-B8CD13ECCA87}.Debug|Any CPU.ActiveCfg = Debug|Any CPU
		{4E7FD742-EDC2-41EC-BD66-B8CD13ECCA87}.Debug|Any CPU.Build.0 = Debug|Any CPU
		{4E7FD742-EDC2-41EC-BD66-B8CD13ECCA87}.Release|Any CPU.ActiveCfg = Release|Any CPU
		{4E7FD742-EDC2-41EC-BD66-B8CD13ECCA87}.Release|Any CPU.Build.0 = Release|Any CPU
		{10969FBA-64D3-40CA-895C-8F909794276E}.Debug|Any CPU.ActiveCfg = Debug|Any CPU
		{10969FBA-64D3-40CA-895C-8F909794276E}.Debug|Any CPU.Build.0 = Debug|Any CPU
		{10969FBA-64D3-40CA-895C-8F909794276E}.Release|Any CPU.ActiveCfg = Release|Any CPU
		{10969FBA-64D3-40CA-895C-8F909794276E}.Release|Any CPU.Build.0 = Release|Any CPU
		{712703E9-7558-4385-B5B0-44206982649D}.Debug|Any CPU.ActiveCfg = Debug|Any CPU
		{712703E9-7558-4385-B5B0-44206982649D}.Debug|Any CPU.Build.0 = Debug|Any CPU
		{712703E9-7558-4385-B5B0-44206982649D}.Release|Any CPU.ActiveCfg = Release|Any CPU
		{712703E9-7558-4385-B5B0-44206982649D}.Release|Any CPU.Build.0 = Release|Any CPU
		{3E45A6F4-D3FC-4DBF-A3BE-7A32AF7EC1AA}.Debug|Any CPU.ActiveCfg = Debug|Any CPU
		{3E45A6F4-D3FC-4DBF-A3BE-7A32AF7EC1AA}.Debug|Any CPU.Build.0 = Debug|Any CPU
		{3E45A6F4-D3FC-4DBF-A3BE-7A32AF7EC1AA}.Release|Any CPU.ActiveCfg = Release|Any CPU
		{3E45A6F4-D3FC-4DBF-A3BE-7A32AF7EC1AA}.Release|Any CPU.Build.0 = Release|Any CPU
		{60E786C0-C513-4DB9-9D0A-7E70952C8F87}.Debug|Any CPU.ActiveCfg = Debug|Any CPU
		{60E786C0-C513-4DB9-9D0A-7E70952C8F87}.Debug|Any CPU.Build.0 = Debug|Any CPU
		{60E786C0-C513-4DB9-9D0A-7E70952C8F87}.Release|Any CPU.ActiveCfg = Release|Any CPU
		{60E786C0-C513-4DB9-9D0A-7E70952C8F87}.Release|Any CPU.Build.0 = Release|Any CPU
	EndGlobalSection
	GlobalSection(SolutionProperties) = preSolution
		HideSolutionNode = FALSE
	EndGlobalSection
	GlobalSection(ExtensibilityGlobals) = postSolution
		SolutionGuid = {D211ABDB-98C2-482B-BB64-0924AC2C22D5}
	EndGlobalSection
EndGlobal
