
Microsoft Visual Studio Solution File, Format Version 12.00
Project("{FAE04EC0-301F-11D3-BF4B-00C04F79EFBC}") = "AttachedPropertiesMini", "AttachedPropertiesMini\AttachedPropertiesMini.csproj", "{AC56DDF0-D7EB-40D5-B9D3-CF075D8C1782}"
EndProject
Global
	GlobalSection(SolutionConfigurationPlatforms) = preSolution
		Debug|Any CPU = Debug|Any CPU
		Release|Any CPU = Release|Any CPU
	EndGlobalSection
	GlobalSection(ProjectConfigurationPlatforms) = postSolution
		{AC56DDF0-D7EB-40D5-B9D3-CF075D8C1782}.Debug|Any CPU.ActiveCfg = Debug|Any CPU
		{AC56DDF0-D7EB-40D5-B9D3-CF075D8C1782}.Debug|Any CPU.Build.0 = Debug|Any CPU
		{AC56DDF0-D7EB-40D5-B9D3-CF075D8C1782}.Release|Any CPU.ActiveCfg = Release|Any CPU
		{AC56DDF0-D7EB-40D5-B9D3-CF075D8C1782}.Release|Any CPU.Build.0 = Release|Any CPU
	EndGlobalSection
EndGlobal
